{
  "version": 4,
  "terraform_version": "0.12.2",
  "serial": 242,
  "lineage": "b1c16230-94a8-7258-0da0-3e7e1f3a946f",
  "outputs": {},
  "resources": [
    {
      "mode": "managed",
      "type": "aws_ecr_repository",
      "name": "main",
      "each": "list",
      "provider": "provider.aws",
      "instances": [
        {
          "index_key": 0,
          "schema_version": 0,
          "attributes": {
            "arn": "arn:aws:ecr:us-east-1:402084680610:repository/cellranger-2.2.0-bcl2fastq-2.20.0",
            "id": "cellranger-2.2.0-bcl2fastq-2.20.0",
            "name": "cellranger-2.2.0-bcl2fastq-2.20.0",
            "registry_id": "402084680610",
            "repository_url": "402084680610.dkr.ecr.us-east-1.amazonaws.com/cellranger-2.2.0-bcl2fastq-2.20.0",
            "tags": {},
            "timeouts": null
          },
          "private": "eyJlMmJmYjczMC1lY2FhLTExZTYtOGY4OC0zNDM2M2JjN2M0YzAiOnsiZGVsZXRlIjoxMjAwMDAwMDAwMDAwfX0="
        },
        {
          "index_key": 1,
          "schema_version": 0,
          "attributes": {
            "arn": "arn:aws:ecr:us-east-1:402084680610:repository/cellranger-3.0.2-bcl2fastq-2.20.0",
            "id": "cellranger-3.0.2-bcl2fastq-2.20.0",
            "name": "cellranger-3.0.2-bcl2fastq-2.20.0",
            "registry_id": "402084680610",
            "repository_url": "402084680610.dkr.ecr.us-east-1.amazonaws.com/cellranger-3.0.2-bcl2fastq-2.20.0",
            "tags": {},
            "timeouts": null
          },
          "private": "eyJlMmJmYjczMC1lY2FhLTExZTYtOGY4OC0zNDM2M2JjN2M0YzAiOnsiZGVsZXRlIjoxMjAwMDAwMDAwMDAwfX0="
        }
      ]
    },
    {
      "mode": "managed",
      "type": "aws_iam_instance_profile",
      "name": "ecs_instance_role",
      "provider": "provider.aws",
      "instances": [
        {
          "schema_version": 0,
          "attributes": {
            "arn": "arn:aws:iam::402084680610:instance-profile/ecsInstanceRole",
            "create_date": "2017-09-26T15:54:16Z",
            "id": "ecsInstanceRole",
            "name": "ecsInstanceRole",
            "name_prefix": null,
            "path": "/",
            "role": "ecsInstanceRole",
            "roles": [
              "ecsInstanceRole"
            ],
            "unique_id": "AIPAJUSWJZ7BEUWKTFOT2"
          }
        }
      ]
    },
    {
      "mode": "managed",
      "type": "aws_iam_policy",
      "name": "s3_10x_data_backup_read_write",
      "provider": "provider.aws",
      "instances": [
        {
          "schema_version": 0,
          "attributes": {
            "arn": "arn:aws:iam::402084680610:policy/s3-10x-data-backup-read-write",
            "description": "Basic read and write permissions for the 10x-data-backup S3 bucket.",
            "id": "arn:aws:iam::402084680610:policy/s3-10x-data-backup-read-write",
            "name": "s3-10x-data-backup-read-write",
            "name_prefix": null,
            "path": "/",
            "policy": "{\"Statement\":[{\"Action\":[\"s3:PutObject\",\"s3:GetObject\",\"s3:ListBucket\"],\"Effect\":\"Allow\",\"Resource\":[\"arn:aws:s3:::10x-data-backup\",\"arn:aws:s3:::10x-data-backup/*\"]},{\"Action\":\"s3:HeadBucket\",\"Effect\":\"Allow\",\"Resource\":\"*\"}],\"Version\":\"2012-10-17\"}"
          },
          "private": "bnVsbA=="
        }
      ]
    },
    {
      "mode": "managed",
      "type": "aws_iam_policy",
      "name": "s3_10x_pipeline_read",
      "provider": "provider.aws",
      "instances": [
        {
          "schema_version": 0,
          "attributes": {
            "arn": "arn:aws:iam::402084680610:policy/s3-10x-pipeline-read",
            "description": "Basic read permissions for the 10x-pipeline S3 bucket",
            "id": "arn:aws:iam::402084680610:policy/s3-10x-pipeline-read",
            "name": "s3-10x-pipeline-read",
            "name_prefix": null,
            "path": "/",
            "policy": "{\"Statement\":[{\"Action\":[\"s3:GetObject\",\"s3:ListBucket\"],\"Effect\":\"Allow\",\"Resource\":[\"arn:aws:s3:::10x-pipeline\",\"arn:aws:s3:::10x-pipeline/*\"],\"Sid\":\"10xPipelineRead\"},{\"Action\":\"s3:HeadBucket\",\"Effect\":\"Allow\",\"Resource\":\"*\"}],\"Version\":\"2012-10-17\"}"
          },
          "private": "bnVsbA=="
        }
      ]
    },
    {
      "mode": "managed",
      "type": "aws_iam_role",
      "name": "aws_batch_service_role",
      "provider": "provider.aws",
      "instances": [
        {
          "schema_version": 0,
          "attributes": {
            "arn": "arn:aws:iam::402084680610:role/service-role/AWSBatchServiceRole",
            "assume_role_policy": "{\"Version\":\"2012-10-17\",\"Statement\":[{\"Effect\":\"Allow\",\"Principal\":{\"Service\":\"batch.amazonaws.com\"},\"Action\":\"sts:AssumeRole\"}]}",
            "create_date": "2017-09-26T15:54:16Z",
            "description": "",
            "force_detach_policies": false,
            "id": "AWSBatchServiceRole",
            "max_session_duration": 3600,
            "name": "AWSBatchServiceRole",
            "name_prefix": null,
            "path": "/service-role/",
            "permissions_boundary": null,
            "tags": {},
            "unique_id": "AROAJS4KUJDOKOQIAGYXW"
          }
        }
      ]
    },
    {
      "mode": "managed",
      "type": "aws_iam_role",
      "name": "ecs_instance_role",
      "provider": "provider.aws",
      "instances": [
        {
          "schema_version": 0,
          "attributes": {
            "arn": "arn:aws:iam::402084680610:role/ecsInstanceRole",
            "assume_role_policy": "{\"Version\":\"2012-10-17\",\"Statement\":[{\"Effect\":\"Allow\",\"Principal\":{\"Service\":\"ec2.amazonaws.com\"},\"Action\":\"sts:AssumeRole\"}]}",
            "create_date": "2017-09-26T15:54:16Z",
            "description": "",
            "force_detach_policies": false,
            "id": "ecsInstanceRole",
            "max_session_duration": 3600,
            "name": "ecsInstanceRole",
            "name_prefix": null,
            "path": "/",
            "permissions_boundary": null,
            "tags": {},
            "unique_id": "AROAJDWOWZILHNGSIMWXA"
          }
        }
      ]
    },
    {
      "mode": "managed",
      "type": "aws_iam_role_policy_attachment",
      "name": "aws_batch_service_role",
      "provider": "provider.aws",
      "instances": [
        {
          "schema_version": 0,
          "attributes": {
            "id": "AWSBatchServiceRole-20190616220023338500000001",
            "policy_arn": "arn:aws:iam::aws:policy/service-role/AWSBatchServiceRole",
            "role": "AWSBatchServiceRole"
          },
          "depends_on": [
            "aws_iam_role.aws_batch_service_role"
          ]
        }
      ]
    },
    {
      "mode": "managed",
      "type": "aws_iam_role_policy_attachment",
      "name": "ecs_instance_role",
      "provider": "provider.aws",
      "instances": [
        {
          "schema_version": 0,
          "attributes": {
            "id": "ecsInstanceRole-20190616220705691300000001",
            "policy_arn": "arn:aws:iam::aws:policy/service-role/AmazonEC2ContainerServiceforEC2Role",
            "role": "ecsInstanceRole"
          },
          "depends_on": [
            "aws_iam_role.ecs_instance_role"
          ]
        }
      ]
    },
    {
      "mode": "managed",
      "type": "aws_internet_gateway",
      "name": "this",
      "provider": "provider.aws",
      "instances": [
        {
          "schema_version": 0,
          "attributes": {
            "id": "igw-020bba24b5ce2593d",
            "owner_id": "402084680610",
            "tags": {},
            "vpc_id": "vpc-0d0c24f8ac379bfb7"
          },
          "private": "bnVsbA==",
          "depends_on": [
            "aws_vpc.this"
          ]
        }
      ]
    },
    {
      "mode": "managed",
      "type": "aws_route_table",
      "name": "public",
      "provider": "provider.aws",
      "instances": [
        {
          "schema_version": 0,
          "attributes": {
            "id": "rtb-0d230f82e061d3eb2",
            "owner_id": "402084680610",
            "propagating_vgws": [],
            "route": [
              {
                "cidr_block": "0.0.0.0/0",
                "egress_only_gateway_id": "",
                "gateway_id": "igw-020bba24b5ce2593d",
                "instance_id": "",
                "ipv6_cidr_block": "",
                "nat_gateway_id": "",
                "network_interface_id": "",
                "transit_gateway_id": "",
                "vpc_peering_connection_id": ""
              }
            ],
            "tags": {},
            "vpc_id": "vpc-0d0c24f8ac379bfb7"
          },
          "private": "bnVsbA==",
          "depends_on": [
            "aws_internet_gateway.this",
            "aws_vpc.this"
          ]
        }
      ]
    },
    {
      "mode": "managed",
      "type": "aws_route_table_association",
      "name": "public",
      "provider": "provider.aws",
      "instances": [
        {
          "schema_version": 0,
          "attributes": {
            "id": "rtbassoc-00d6f3cb038bb56ba",
            "route_table_id": "rtb-0d230f82e061d3eb2",
            "subnet_id": "subnet-0a2677bf1e7c0d4a2"
          },
          "private": "bnVsbA==",
          "depends_on": [
            "aws_route_table.public",
            "aws_subnet.public"
          ]
        }
      ]
    },
    {
      "mode": "managed",
      "type": "aws_security_group",
      "name": "all_outbound",
      "provider": "provider.aws",
      "instances": [
        {
          "schema_version": 1,
          "attributes": {
            "arn": "arn:aws:ec2:us-east-1:402084680610:security-group/sg-0f907e605955ded14",
            "description": "Managed by Terraform",
            "egress": [
              {
                "cidr_blocks": [
                  "0.0.0.0/0"
                ],
                "description": "",
                "from_port": 0,
                "ipv6_cidr_blocks": [],
                "prefix_list_ids": [],
                "protocol": "-1",
                "security_groups": [],
                "self": false,
                "to_port": 0
              }
            ],
            "id": "sg-0f907e605955ded14",
            "ingress": [],
            "name": "all-outbound",
            "name_prefix": null,
            "owner_id": "402084680610",
            "revoke_rules_on_delete": false,
            "tags": {},
            "timeouts": null,
            "vpc_id": "vpc-0d0c24f8ac379bfb7"
          },
          "private": "eyJlMmJmYjczMC1lY2FhLTExZTYtOGY4OC0zNDM2M2JjN2M0YzAiOnsiY3JlYXRlIjo2MDAwMDAwMDAwMDAsImRlbGV0ZSI6NjAwMDAwMDAwMDAwfSwic2NoZW1hX3ZlcnNpb24iOiIxIn0=",
          "depends_on": [
            "aws_vpc.this"
          ]
        }
      ]
    },
    {
      "mode": "managed",
      "type": "aws_security_group_rule",
      "name": "allow_all_outbound",
      "provider": "provider.aws",
      "instances": [
        {
          "schema_version": 2,
          "attributes": {
            "cidr_blocks": [
              "0.0.0.0/0"
            ],
            "description": "",
            "from_port": 0,
            "id": "sgrule-1493201192",
            "ipv6_cidr_blocks": [],
            "prefix_list_ids": [],
            "protocol": "-1",
            "security_group_id": "sg-0f907e605955ded14",
            "self": false,
            "source_security_group_id": null,
            "to_port": 0,
            "type": "egress"
          },
          "private": "eyJzY2hlbWFfdmVyc2lvbiI6IjIifQ==",
          "depends_on": [
            "aws_security_group.all_outbound"
          ]
        }
      ]
    },
    {
      "mode": "managed",
      "type": "aws_subnet",
      "name": "public",
      "provider": "provider.aws",
      "instances": [
        {
          "schema_version": 1,
          "attributes": {
            "arn": "arn:aws:ec2:us-east-1:402084680610:subnet/subnet-0a2677bf1e7c0d4a2",
            "assign_ipv6_address_on_creation": false,
            "availability_zone": "us-east-1f",
            "availability_zone_id": "use1-az5",
            "cidr_block": "10.0.1.0/24",
            "id": "subnet-0a2677bf1e7c0d4a2",
            "ipv6_cidr_block": "",
            "ipv6_cidr_block_association_id": "",
            "map_public_ip_on_launch": true,
            "owner_id": "402084680610",
            "tags": {
              "Name": "public"
            },
            "timeouts": null,
            "vpc_id": "vpc-0d0c24f8ac379bfb7"
          },
          "private": "eyJlMmJmYjczMC1lY2FhLTExZTYtOGY4OC0zNDM2M2JjN2M0YzAiOnsiY3JlYXRlIjo2MDAwMDAwMDAwMDAsImRlbGV0ZSI6MTIwMDAwMDAwMDAwMH0sInNjaGVtYV92ZXJzaW9uIjoiMSJ9",
          "depends_on": [
            "aws_vpc.this"
          ]
        }
      ]
    },
    {
      "mode": "managed",
      "type": "aws_vpc",
      "name": "this",
      "provider": "provider.aws",
      "instances": [
        {
          "schema_version": 1,
          "attributes": {
            "arn": "arn:aws:ec2:us-east-1:402084680610:vpc/vpc-0d0c24f8ac379bfb7",
            "assign_generated_ipv6_cidr_block": false,
            "cidr_block": "10.0.0.0/16",
            "default_network_acl_id": "acl-04a80e35cdc493470",
            "default_route_table_id": "rtb-067b4977918f79cf5",
            "default_security_group_id": "sg-070ca1094fe3e86ae",
            "dhcp_options_id": "dopt-cc6bd2b5",
            "enable_classiclink": false,
            "enable_classiclink_dns_support": false,
            "enable_dns_hostnames": false,
            "enable_dns_support": true,
            "id": "vpc-0d0c24f8ac379bfb7",
            "instance_tenancy": "default",
            "ipv6_association_id": "",
            "ipv6_cidr_block": "",
            "main_route_table_id": "rtb-067b4977918f79cf5",
            "owner_id": "402084680610",
            "tags": {
              "Name": "cellranger-pipeline"
            }
          },
          "private": "eyJzY2hlbWFfdmVyc2lvbiI6IjEifQ=="
        }
      ]
    }
  ]
}
