{
  "version": 4,
  "terraform_version": "0.12.2",
  "serial": 67,
  "lineage": "b1c16230-94a8-7258-0da0-3e7e1f3a946f",
  "outputs": {},
  "resources": [
    {
      "mode": "managed",
      "type": "aws_batch_compute_environment",
      "name": "test-cellranger-pipeline",
      "provider": "provider.aws",
      "instances": [
        {
          "schema_version": 0,
          "attributes": {
            "arn": "arn:aws:batch:us-east-1:402084680610:compute-environment/test-cellranger-pipeline",
            "compute_environment_name": "test-cellranger-pipeline",
            "compute_resources": [
              {
                "bid_percentage": 0,
                "desired_vcpus": 0,
                "ec2_key_pair": "",
                "image_id": "ami-000f5114abc141b76",
                "instance_role": "arn:aws:iam::402084680610:instance-profile/ecsInstanceRole",
                "instance_type": [
                  "r5.4xlarge"
                ],
                "launch_template": [],
                "max_vcpus": 256,
                "min_vcpus": 0,
                "security_group_ids": [
                  "sg-0d2ce692a7a74a679"
                ],
                "spot_iam_fleet_role": "",
                "subnets": [
                  "subnet-05f89121f1590d838"
                ],
                "tags": {
                  "Name": "test-cellranger-pipeline"
                },
                "type": "EC2"
              }
            ],
            "ecc_cluster_arn": null,
            "ecs_cluster_arn": "arn:aws:ecs:us-east-1:402084680610:cluster/test-cellranger-pipeline_Batch_6cc810d7-a6bc-3a1f-8d80-68260058dfe3",
            "id": "test-cellranger-pipeline",
            "service_role": "arn:aws:iam::402084680610:role/service-role/AWSBatchServiceRole",
            "state": "ENABLED",
            "status": "VALID",
            "status_reason": "ComputeEnvironment Healthy",
            "type": "MANAGED"
          },
          "private": "bnVsbA==",
          "depends_on": [
            "aws_iam_instance_profile.ecs_instance_role",
            "aws_iam_role.aws_batch_service_role",
            "aws_iam_role_policy_attachment.aws_batch_service_role",
            "aws_security_group.test-cellranger-pipeline",
            "aws_subnet.main"
          ]
        }
      ]
    },
    {
      "mode": "managed",
      "type": "aws_batch_job_definition",
      "name": "test-cellranger-pipeline-cellranger-2_2_0-bcl2fastq-2_20_0",
      "provider": "provider.aws",
      "instances": [
        {
          "schema_version": 0,
          "attributes": {
            "arn": "arn:aws:batch:us-east-1:402084680610:job-definition/test-cellranger-pipeline-cellranger-2_2_0-bcl2fastq-2_20_0:2",
            "container_properties": "{\"command\":[\"Ref::command\",\"Ref::configuration\"],\"environment\":[{\"name\":\"DEBUG\",\"value\":\"false\"}],\"image\":\"402084680610.dkr.ecr.us-east-1.amazonaws.com/cellranger-2.2.0-bcl2fastq-2.20.0\",\"jobRoleArn\":\"arn:aws:iam::402084680610:role/cellranger-pipeline\",\"memory\":126976,\"mountPoints\":[{\"containerPath\":\"/home/cellranger/scratch\",\"sourceVolume\":\"scratch\"}],\"ulimits\":[],\"vcpus\":16,\"volumes\":[{\"host\":{\"sourcePath\":\"/docker_scratch\"},\"name\":\"scratch\"}]}",
            "id": "arn:aws:batch:us-east-1:402084680610:job-definition/test-cellranger-pipeline-cellranger-2_2_0-bcl2fastq-2_20_0:2",
            "name": "test-cellranger-pipeline-cellranger-2_2_0-bcl2fastq-2_20_0",
            "parameters": {},
            "retry_strategy": [
              {
                "attempts": 1
              }
            ],
            "revision": 2,
            "timeout": [
              {
                "attempt_duration_seconds": 129600
              }
            ],
            "type": "container"
          }
        }
      ]
    },
    {
      "mode": "managed",
      "type": "aws_batch_job_definition",
      "name": "test-cellranger-pipeline-cellranger-3_0_2-bcl2fastq-2_20_0",
      "provider": "provider.aws",
      "instances": [
        {
          "schema_version": 0,
          "attributes": {
            "arn": "arn:aws:batch:us-east-1:402084680610:job-definition/test-cellranger-pipeline-cellranger-3_0_2-bcl2fastq-2_20_0:2",
            "container_properties": "{\"command\":[\"Ref::command\",\"Ref::configuration\"],\"environment\":[{\"name\":\"DEBUG\",\"value\":\"false\"}],\"image\":\"402084680610.dkr.ecr.us-east-1.amazonaws.com/cellranger-3.0.2-bcl2fastq-2.20.0\",\"jobRoleArn\":\"arn:aws:iam::402084680610:role/cellranger-pipeline\",\"memory\":126976,\"mountPoints\":[{\"containerPath\":\"/home/cellranger/scratch\",\"sourceVolume\":\"scratch\"}],\"ulimits\":[],\"vcpus\":16,\"volumes\":[{\"host\":{\"sourcePath\":\"/docker_scratch\"},\"name\":\"scratch\"}]}",
            "id": "arn:aws:batch:us-east-1:402084680610:job-definition/test-cellranger-pipeline-cellranger-3_0_2-bcl2fastq-2_20_0:2",
            "name": "test-cellranger-pipeline-cellranger-3_0_2-bcl2fastq-2_20_0",
            "parameters": {},
            "retry_strategy": [
              {
                "attempts": 1
              }
            ],
            "revision": 2,
            "timeout": [
              {
                "attempt_duration_seconds": 129600
              }
            ],
            "type": "container"
          }
        }
      ]
    },
    {
      "mode": "managed",
      "type": "aws_batch_job_queue",
      "name": "test-cellranger-pipeline",
      "provider": "provider.aws",
      "instances": [
        {
          "schema_version": 0,
          "attributes": {
            "arn": "arn:aws:batch:us-east-1:402084680610:job-queue/test-cellranger-pipeline",
            "compute_environments": [
              "arn:aws:batch:us-east-1:402084680610:compute-environment/test-cellranger-pipeline"
            ],
            "id": "arn:aws:batch:us-east-1:402084680610:job-queue/test-cellranger-pipeline",
            "name": "test-cellranger-pipeline",
            "priority": 10,
            "state": "ENABLED"
          },
          "private": "bnVsbA==",
          "depends_on": [
            "aws_batch_compute_environment.test-cellranger-pipeline"
          ]
        }
      ]
    },
    {
      "mode": "managed",
      "type": "aws_ecr_repository",
      "name": "cellranger-2_2_0-bcl2fastq-2_20_0",
      "provider": "provider.aws",
      "instances": [
        {
          "schema_version": 0,
          "attributes": {
            "arn": "arn:aws:ecr:us-east-1:402084680610:repository/cellranger-2.2.0-bcl2fastq-2.20.0",
            "id": "cellranger-2.2.0-bcl2fastq-2.20.0",
            "name": "cellranger-2.2.0-bcl2fastq-2.20.0",
            "registry_id": "402084680610",
            "repository_url": "402084680610.dkr.ecr.us-east-1.amazonaws.com/cellranger-2.2.0-bcl2fastq-2.20.0",
            "tags": {},
            "timeouts": {
              "delete": null
            }
          }
        }
      ]
    },
    {
      "mode": "managed",
      "type": "aws_ecr_repository",
      "name": "cellranger-3_0_2-bcl2fastq-2_20_0",
      "provider": "provider.aws",
      "instances": [
        {
          "schema_version": 0,
          "attributes": {
            "arn": "arn:aws:ecr:us-east-1:402084680610:repository/cellranger-3.0.2-bcl2fastq-2.20.0",
            "id": "cellranger-3.0.2-bcl2fastq-2.20.0",
            "name": "cellranger-3.0.2-bcl2fastq-2.20.0",
            "registry_id": "402084680610",
            "repository_url": "402084680610.dkr.ecr.us-east-1.amazonaws.com/cellranger-3.0.2-bcl2fastq-2.20.0",
            "tags": {},
            "timeouts": {
              "delete": null
            }
          }
        }
      ]
    },
    {
      "mode": "managed",
      "type": "aws_iam_instance_profile",
      "name": "ecs_instance_role",
      "provider": "provider.aws",
      "instances": [
        {
          "schema_version": 0,
          "attributes": {
            "arn": "arn:aws:iam::402084680610:instance-profile/ecsInstanceRole",
            "create_date": "2017-09-26T15:54:16Z",
            "id": "ecsInstanceRole",
            "name": "ecsInstanceRole",
            "name_prefix": null,
            "path": "/",
            "role": "ecsInstanceRole",
            "roles": [
              "ecsInstanceRole"
            ],
            "unique_id": "AIPAJUSWJZ7BEUWKTFOT2"
          }
        }
      ]
    },
    {
      "mode": "managed",
      "type": "aws_iam_role",
      "name": "aws_batch_service_role",
      "provider": "provider.aws",
      "instances": [
        {
          "schema_version": 0,
          "attributes": {
            "arn": "arn:aws:iam::402084680610:role/service-role/AWSBatchServiceRole",
            "assume_role_policy": "{\"Version\":\"2012-10-17\",\"Statement\":[{\"Effect\":\"Allow\",\"Principal\":{\"Service\":\"batch.amazonaws.com\"},\"Action\":\"sts:AssumeRole\"}]}",
            "create_date": "2017-09-26T15:54:16Z",
            "description": "",
            "force_detach_policies": false,
            "id": "AWSBatchServiceRole",
            "max_session_duration": 3600,
            "name": "AWSBatchServiceRole",
            "name_prefix": null,
            "path": "/service-role/",
            "permissions_boundary": null,
            "tags": {},
            "unique_id": "AROAJS4KUJDOKOQIAGYXW"
          }
        }
      ]
    },
    {
      "mode": "managed",
      "type": "aws_iam_role",
      "name": "ecs_instance_role",
      "provider": "provider.aws",
      "instances": [
        {
          "schema_version": 0,
          "attributes": {
            "arn": "arn:aws:iam::402084680610:role/ecsInstanceRole",
            "assume_role_policy": "{\"Version\":\"2012-10-17\",\"Statement\":[{\"Effect\":\"Allow\",\"Principal\":{\"Service\":\"ec2.amazonaws.com\"},\"Action\":\"sts:AssumeRole\"}]}",
            "create_date": "2017-09-26T15:54:16Z",
            "description": "",
            "force_detach_policies": false,
            "id": "ecsInstanceRole",
            "max_session_duration": 3600,
            "name": "ecsInstanceRole",
            "name_prefix": null,
            "path": "/",
            "permissions_boundary": null,
            "tags": {},
            "unique_id": "AROAJDWOWZILHNGSIMWXA"
          }
        }
      ]
    },
    {
      "mode": "managed",
      "type": "aws_iam_role_policy_attachment",
      "name": "aws_batch_service_role",
      "provider": "provider.aws",
      "instances": [
        {
          "schema_version": 0,
          "attributes": {
            "id": "AWSBatchServiceRole-20190616220023338500000001",
            "policy_arn": "arn:aws:iam::aws:policy/service-role/AWSBatchServiceRole",
            "role": "AWSBatchServiceRole"
          },
          "depends_on": [
            "aws_iam_role.aws_batch_service_role"
          ]
        }
      ]
    },
    {
      "mode": "managed",
      "type": "aws_iam_role_policy_attachment",
      "name": "ecs_instance_role",
      "provider": "provider.aws",
      "instances": [
        {
          "schema_version": 0,
          "attributes": {
            "id": "ecsInstanceRole-20190616220705691300000001",
            "policy_arn": "arn:aws:iam::aws:policy/service-role/AmazonEC2ContainerServiceforEC2Role",
            "role": "ecsInstanceRole"
          },
          "depends_on": [
            "aws_iam_role.ecs_instance_role"
          ]
        }
      ]
    },
    {
      "mode": "managed",
      "type": "aws_security_group",
      "name": "test-cellranger-pipeline",
      "provider": "provider.aws",
      "instances": [
        {
          "schema_version": 1,
          "attributes": {
            "arn": "arn:aws:ec2:us-east-1:402084680610:security-group/sg-0d2ce692a7a74a679",
            "description": "Managed by Terraform",
            "egress": [],
            "id": "sg-0d2ce692a7a74a679",
            "ingress": [],
            "name": "test-cellranger-pipeline",
            "name_prefix": null,
            "owner_id": "402084680610",
            "revoke_rules_on_delete": false,
            "tags": null,
            "timeouts": null,
            "vpc_id": "vpc-16d4076e"
          },
          "private": "eyJlMmJmYjczMC1lY2FhLTExZTYtOGY4OC0zNDM2M2JjN2M0YzAiOnsiY3JlYXRlIjo2MDAwMDAwMDAwMDAsImRlbGV0ZSI6NjAwMDAwMDAwMDAwfSwic2NoZW1hX3ZlcnNpb24iOiIxIn0="
        }
      ]
    },
    {
      "mode": "managed",
      "type": "aws_subnet",
      "name": "main",
      "provider": "provider.aws",
      "instances": [
        {
          "schema_version": 1,
          "attributes": {
            "arn": "arn:aws:ec2:us-east-1:402084680610:subnet/subnet-05f89121f1590d838",
            "assign_ipv6_address_on_creation": false,
            "availability_zone": "us-east-1b",
            "availability_zone_id": "use1-az6",
            "cidr_block": "10.0.0.0/24",
            "id": "subnet-05f89121f1590d838",
            "ipv6_cidr_block": "",
            "ipv6_cidr_block_association_id": "",
            "map_public_ip_on_launch": false,
            "owner_id": "402084680610",
            "tags": {
              "Name": "main"
            },
            "timeouts": null,
            "vpc_id": "vpc-063a70a31ace4370d"
          },
          "depends_on": [
            "aws_vpc.test-cellranger-pipeline"
          ]
        }
      ]
    },
    {
      "mode": "managed",
      "type": "aws_vpc",
      "name": "test-cellranger-pipeline",
      "provider": "provider.aws",
      "instances": [
        {
          "schema_version": 1,
          "attributes": {
            "arn": "arn:aws:ec2:us-east-1:402084680610:vpc/vpc-063a70a31ace4370d",
            "assign_generated_ipv6_cidr_block": false,
            "cidr_block": "10.0.0.0/16",
            "default_network_acl_id": "acl-0ab069452af3e1c1b",
            "default_route_table_id": "rtb-0d11dab0b3e461fa4",
            "default_security_group_id": "sg-0e857377558bde3f0",
            "dhcp_options_id": "dopt-cc6bd2b5",
            "enable_classiclink": false,
            "enable_classiclink_dns_support": false,
            "enable_dns_hostnames": false,
            "enable_dns_support": true,
            "id": "vpc-063a70a31ace4370d",
            "instance_tenancy": "default",
            "ipv6_association_id": "",
            "ipv6_cidr_block": "",
            "main_route_table_id": "rtb-0d11dab0b3e461fa4",
            "owner_id": "402084680610",
            "tags": {
              "Name": "test-cellranger-pipeline"
            }
          }
        }
      ]
    }
  ]
}
